
Microsoft Visual Studio Solution File, Format Version 11.00
# Visual Studio 2010
# SharpDevelop 5.1
Project("{FAE04EC0-301F-11D3-BF4B-00C04F79EFBC}") = "ClickCounter", "ClickCounter\ClickCounter.csproj", "{B8737B10-AC5B-4AEF-8C29-A53615137627}"
EndProject
Global
	GlobalSection(SolutionConfigurationPlatforms) = preSolution
		Debug|Any CPU = Debug|Any CPU
		Release|Any CPU = Release|Any CPU
	EndGlobalSection
	GlobalSection(ProjectConfigurationPlatforms) = postSolution
		{B8737B10-AC5B-4AEF-8C29-A53615137627}.Debug|Any CPU.ActiveCfg = Debug|Any CPU
		{B8737B10-AC5B-4AEF-8C29-A53615137627}.Debug|Any CPU.Build.0 = Debug|Any CPU
		{B8737B10-AC5B-4AEF-8C29-A53615137627}.Release|Any CPU.ActiveCfg = Release|Any CPU
		{B8737B10-AC5B-4AEF-8C29-A53615137627}.Release|Any CPU.Build.0 = Release|Any CPU
	EndGlobalSection
EndGlobal
